
Microsoft Visual Studio Solution File, Format Version 12.00
# Visual Studio Version 17
VisualStudioVersion = 17.4.33122.133
MinimumVisualStudioVersion = 10.0.40219.1
Project("{9A19103F-16F7-4668-BE54-9A1E7A4F7556}") = "TennisChampionshipMicroservice", "RolandGarrosNow\TennisChampionshipMicroservice.csproj", "{BA7180BF-A55E-4E7E-AEC8-650C9F716070}"
EndProject
Global
	GlobalSection(SolutionConfigurationPlatforms) = preSolution
		Debug|Any CPU = Debug|Any CPU
		Release|Any CPU = Release|Any CPU
	EndGlobalSection
	GlobalSection(ProjectConfigurationPlatforms) = postSolution
		{BA7180BF-A55E-4E7E-AEC8-650C9F716070}.Debug|Any CPU.ActiveCfg = Debug|Any CPU
		{BA7180BF-A55E-4E7E-AEC8-650C9F716070}.Debug|Any CPU.Build.0 = Debug|Any CPU
		{BA7180BF-A55E-4E7E-AEC8-650C9F716070}.Release|Any CPU.ActiveCfg = Release|Any CPU
		{BA7180BF-A55E-4E7E-AEC8-650C9F716070}.Release|Any CPU.Build.0 = Release|Any CPU
	EndGlobalSection
	GlobalSection(SolutionProperties) = preSolution
		HideSolutionNode = FALSE
	EndGlobalSection
	GlobalSection(ExtensibilityGlobals) = postSolution
		SolutionGuid = {B66723E8-21BB-477A-B1BE-8C967B4ED96C}
	EndGlobalSection
EndGlobal
